// !$*UTF8*$!
{
	archiveVersion = 1;
	classes = {
	};
	objectVersion = 56;
	objects = {

/* Begin PBXBuildFile section */
		A2221643298A4B5E00C86F90 /* GFTitleLabel.swift in Sources */ = {isa = PBXBuildFile; fileRef = A2221642298A4B5E00C86F90 /* GFTitleLabel.swift */; };
		A2221645298A4CBA00C86F90 /* GFBodyLabel.swift in Sources */ = {isa = PBXBuildFile; fileRef = A2221644298A4CBA00C86F90 /* GFBodyLabel.swift */; };
		A2221647298A4D7700C86F90 /* GFAlertViewController.swift in Sources */ = {isa = PBXBuildFile; fileRef = A2221646298A4D7700C86F90 /* GFAlertViewController.swift */; };
		A2221649298A597D00C86F90 /* UIViewController+Extension.swift in Sources */ = {isa = PBXBuildFile; fileRef = A2221648298A597D00C86F90 /* UIViewController+Extension.swift */; };
		A2221654298A638900C86F90 /* Follower.swift in Sources */ = {isa = PBXBuildFile; fileRef = A2221653298A638900C86F90 /* Follower.swift */; };
		A2221656298A63D000C86F90 /* User.swift in Sources */ = {isa = PBXBuildFile; fileRef = A2221655298A63D000C86F90 /* User.swift */; };
		A241148529892ACC00313024 /* GFButton.swift in Sources */ = {isa = PBXBuildFile; fileRef = A241148429892ACC00313024 /* GFButton.swift */; };
		A241148729893EB500313024 /* GFTextField.swift in Sources */ = {isa = PBXBuildFile; fileRef = A241148629893EB500313024 /* GFTextField.swift */; };
		A24BF72E2987E615009569B7 /* AppDelegate.swift in Sources */ = {isa = PBXBuildFile; fileRef = A24BF72D2987E615009569B7 /* AppDelegate.swift */; };
		A24BF7302987E615009569B7 /* SceneDelegate.swift in Sources */ = {isa = PBXBuildFile; fileRef = A24BF72F2987E615009569B7 /* SceneDelegate.swift */; };
		A24BF7372987E616009569B7 /* Assets.xcassets in Resources */ = {isa = PBXBuildFile; fileRef = A24BF7362987E616009569B7 /* Assets.xcassets */; };
		A24BF73A2987E616009569B7 /* LaunchScreen.storyboard in Resources */ = {isa = PBXBuildFile; fileRef = A24BF7382987E616009569B7 /* LaunchScreen.storyboard */; };
		A24BF7422987EA13009569B7 /* SearchViewController.swift in Sources */ = {isa = PBXBuildFile; fileRef = A24BF7412987EA13009569B7 /* SearchViewController.swift */; };
		A24BF7442987EA3D009569B7 /* FavoritesListViewController.swift in Sources */ = {isa = PBXBuildFile; fileRef = A24BF7432987EA3D009569B7 /* FavoritesListViewController.swift */; };
		A2577841298E780D003F1F04 /* UIHelper.swift in Sources */ = {isa = PBXBuildFile; fileRef = A2577840298E780D003F1F04 /* UIHelper.swift */; };
		A2622EFC2998F3A600924104 /* GFItemInfoView.swift in Sources */ = {isa = PBXBuildFile; fileRef = A2622EFB2998F3A600924104 /* GFItemInfoView.swift */; };
		A2622EFE2998F9E900924104 /* GFItemInfoViewController.swift in Sources */ = {isa = PBXBuildFile; fileRef = A2622EFD2998F9E900924104 /* GFItemInfoViewController.swift */; };
		A2622F002998FE2B00924104 /* GFRepoItemViewController.swift in Sources */ = {isa = PBXBuildFile; fileRef = A2622EFF2998FE2B00924104 /* GFRepoItemViewController.swift */; };
		A267D2F329991166002DF615 /* GFFollowerItemViewController.swift in Sources */ = {isa = PBXBuildFile; fileRef = A267D2F229991166002DF615 /* GFFollowerItemViewController.swift */; };
		A2763EEA2989520100F65EE4 /* FollowerListViewController.swift in Sources */ = {isa = PBXBuildFile; fileRef = A2763EE92989520100F65EE4 /* FollowerListViewController.swift */; };
		A27D5DEE29990BD4008E0F70 /* Date+Extension.swift in Sources */ = {isa = PBXBuildFile; fileRef = A27D5DED29990BD4008E0F70 /* Date+Extension.swift */; };
		A27D5DF029990C15008E0F70 /* String+Extension.swift in Sources */ = {isa = PBXBuildFile; fileRef = A27D5DEF29990C15008E0F70 /* String+Extension.swift */; };
		A28DA4F5298BAD200056EE93 /* NetworkManager.swift in Sources */ = {isa = PBXBuildFile; fileRef = A28DA4F4298BAD200056EE93 /* NetworkManager.swift */; };
		A28DA4F8298C37BC0056EE93 /* ErrorMessage.swift in Sources */ = {isa = PBXBuildFile; fileRef = A28DA4F7298C37BC0056EE93 /* ErrorMessage.swift */; };
		A28E1146298D0ABF00AD3098 /* FollowerCell.swift in Sources */ = {isa = PBXBuildFile; fileRef = A28E1145298D0ABF00AD3098 /* FollowerCell.swift */; };
		A28E1148298D0B5A00AD3098 /* GFAvatarImageView.swift in Sources */ = {isa = PBXBuildFile; fileRef = A28E1147298D0B5A00AD3098 /* GFAvatarImageView.swift */; };
		A2A9F699298FED9800D2033D /* UserInfoViewController.swift in Sources */ = {isa = PBXBuildFile; fileRef = A2A9F698298FED9800D2033D /* UserInfoViewController.swift */; };
		A2B40DCE29964CBD0075F4E0 /* GFUserInfoHeaderViewController.swift in Sources */ = {isa = PBXBuildFile; fileRef = A2B40DCD29964CBD0075F4E0 /* GFUserInfoHeaderViewController.swift */; };
		A2B40DD029964D260075F4E0 /* GFSecondaryTitleLabel.swift in Sources */ = {isa = PBXBuildFile; fileRef = A2B40DCF29964D260075F4E0 /* GFSecondaryTitleLabel.swift */; };
		A2B40DD229965CA00075F4E0 /* Constants.swift in Sources */ = {isa = PBXBuildFile; fileRef = A2B40DD129965CA00075F4E0 /* Constants.swift */; };
		A2E4E16F298E9C1500291871 /* GFEmptyStateView.swift in Sources */ = {isa = PBXBuildFile; fileRef = A2E4E16E298E9C1500291871 /* GFEmptyStateView.swift */; };
		A2F1DAA3299CDF6A00891B10 /* PersistanceManager.swift in Sources */ = {isa = PBXBuildFile; fileRef = A2F1DAA2299CDF6A00891B10 /* PersistanceManager.swift */; };
/* End PBXBuildFile section */

/* Begin PBXFileReference section */
		A2221642298A4B5E00C86F90 /* GFTitleLabel.swift */ = {isa = PBXFileReference; lastKnownFileType = sourcecode.swift; path = GFTitleLabel.swift; sourceTree = "<group>"; };
		A2221644298A4CBA00C86F90 /* GFBodyLabel.swift */ = {isa = PBXFileReference; lastKnownFileType = sourcecode.swift; path = GFBodyLabel.swift; sourceTree = "<group>"; };
		A2221646298A4D7700C86F90 /* GFAlertViewController.swift */ = {isa = PBXFileReference; lastKnownFileType = sourcecode.swift; path = GFAlertViewController.swift; sourceTree = "<group>"; };
		A2221648298A597D00C86F90 /* UIViewController+Extension.swift */ = {isa = PBXFileReference; lastKnownFileType = sourcecode.swift; path = "UIViewController+Extension.swift"; sourceTree = "<group>"; };
		A2221653298A638900C86F90 /* Follower.swift */ = {isa = PBXFileReference; lastKnownFileType = sourcecode.swift; path = Follower.swift; sourceTree = "<group>"; };
		A2221655298A63D000C86F90 /* User.swift */ = {isa = PBXFileReference; lastKnownFileType = sourcecode.swift; path = User.swift; sourceTree = "<group>"; };
		A241148429892ACC00313024 /* GFButton.swift */ = {isa = PBXFileReference; lastKnownFileType = sourcecode.swift; path = GFButton.swift; sourceTree = "<group>"; };
		A241148629893EB500313024 /* GFTextField.swift */ = {isa = PBXFileReference; lastKnownFileType = sourcecode.swift; path = GFTextField.swift; sourceTree = "<group>"; };
		A24BF72A2987E615009569B7 /* Github Followers.app */ = {isa = PBXFileReference; explicitFileType = wrapper.application; includeInIndex = 0; path = "Github Followers.app"; sourceTree = BUILT_PRODUCTS_DIR; };
		A24BF72D2987E615009569B7 /* AppDelegate.swift */ = {isa = PBXFileReference; lastKnownFileType = sourcecode.swift; path = AppDelegate.swift; sourceTree = "<group>"; };
		A24BF72F2987E615009569B7 /* SceneDelegate.swift */ = {isa = PBXFileReference; lastKnownFileType = sourcecode.swift; path = SceneDelegate.swift; sourceTree = "<group>"; };
		A24BF7362987E616009569B7 /* Assets.xcassets */ = {isa = PBXFileReference; lastKnownFileType = folder.assetcatalog; path = Assets.xcassets; sourceTree = "<group>"; };
		A24BF7392987E616009569B7 /* Base */ = {isa = PBXFileReference; lastKnownFileType = file.storyboard; name = Base; path = Base.lproj/LaunchScreen.storyboard; sourceTree = "<group>"; };
		A24BF73B2987E616009569B7 /* Info.plist */ = {isa = PBXFileReference; lastKnownFileType = text.plist.xml; path = Info.plist; sourceTree = "<group>"; };
		A24BF7412987EA13009569B7 /* SearchViewController.swift */ = {isa = PBXFileReference; lastKnownFileType = sourcecode.swift; path = SearchViewController.swift; sourceTree = "<group>"; };
		A24BF7432987EA3D009569B7 /* FavoritesListViewController.swift */ = {isa = PBXFileReference; lastKnownFileType = sourcecode.swift; path = FavoritesListViewController.swift; sourceTree = "<group>"; };
		A2577840298E780D003F1F04 /* UIHelper.swift */ = {isa = PBXFileReference; lastKnownFileType = sourcecode.swift; path = UIHelper.swift; sourceTree = "<group>"; };
		A2622EFB2998F3A600924104 /* GFItemInfoView.swift */ = {isa = PBXFileReference; lastKnownFileType = sourcecode.swift; path = GFItemInfoView.swift; sourceTree = "<group>"; };
		A2622EFD2998F9E900924104 /* GFItemInfoViewController.swift */ = {isa = PBXFileReference; lastKnownFileType = sourcecode.swift; path = GFItemInfoViewController.swift; sourceTree = "<group>"; };
		A2622EFF2998FE2B00924104 /* GFRepoItemViewController.swift */ = {isa = PBXFileReference; lastKnownFileType = sourcecode.swift; path = GFRepoItemViewController.swift; sourceTree = "<group>"; };
		A267D2F229991166002DF615 /* GFFollowerItemViewController.swift */ = {isa = PBXFileReference; lastKnownFileType = sourcecode.swift; path = GFFollowerItemViewController.swift; sourceTree = "<group>"; };
		A2763EE92989520100F65EE4 /* FollowerListViewController.swift */ = {isa = PBXFileReference; lastKnownFileType = sourcecode.swift; path = FollowerListViewController.swift; sourceTree = "<group>"; };
		A27D5DED29990BD4008E0F70 /* Date+Extension.swift */ = {isa = PBXFileReference; lastKnownFileType = sourcecode.swift; path = "Date+Extension.swift"; sourceTree = "<group>"; };
		A27D5DEF29990C15008E0F70 /* String+Extension.swift */ = {isa = PBXFileReference; lastKnownFileType = sourcecode.swift; path = "String+Extension.swift"; sourceTree = "<group>"; };
		A28DA4F4298BAD200056EE93 /* NetworkManager.swift */ = {isa = PBXFileReference; lastKnownFileType = sourcecode.swift; path = NetworkManager.swift; sourceTree = "<group>"; };
		A28DA4F7298C37BC0056EE93 /* ErrorMessage.swift */ = {isa = PBXFileReference; lastKnownFileType = sourcecode.swift; path = ErrorMessage.swift; sourceTree = "<group>"; };
		A28E1145298D0ABF00AD3098 /* FollowerCell.swift */ = {isa = PBXFileReference; lastKnownFileType = sourcecode.swift; path = FollowerCell.swift; sourceTree = "<group>"; };
		A28E1147298D0B5A00AD3098 /* GFAvatarImageView.swift */ = {isa = PBXFileReference; lastKnownFileType = sourcecode.swift; path = GFAvatarImageView.swift; sourceTree = "<group>"; };
		A2A9F698298FED9800D2033D /* UserInfoViewController.swift */ = {isa = PBXFileReference; lastKnownFileType = sourcecode.swift; path = UserInfoViewController.swift; sourceTree = "<group>"; };
		A2B40DCD29964CBD0075F4E0 /* GFUserInfoHeaderViewController.swift */ = {isa = PBXFileReference; lastKnownFileType = sourcecode.swift; path = GFUserInfoHeaderViewController.swift; sourceTree = "<group>"; };
		A2B40DCF29964D260075F4E0 /* GFSecondaryTitleLabel.swift */ = {isa = PBXFileReference; lastKnownFileType = sourcecode.swift; path = GFSecondaryTitleLabel.swift; sourceTree = "<group>"; };
		A2B40DD129965CA00075F4E0 /* Constants.swift */ = {isa = PBXFileReference; lastKnownFileType = sourcecode.swift; path = Constants.swift; sourceTree = "<group>"; };
		A2E4E16E298E9C1500291871 /* GFEmptyStateView.swift */ = {isa = PBXFileReference; lastKnownFileType = sourcecode.swift; path = GFEmptyStateView.swift; sourceTree = "<group>"; };
		A2F1DAA2299CDF6A00891B10 /* PersistanceManager.swift */ = {isa = PBXFileReference; lastKnownFileType = sourcecode.swift; path = PersistanceManager.swift; sourceTree = "<group>"; };
/* End PBXFileReference section */

/* Begin PBXFrameworksBuildPhase section */
		A24BF7272987E615009569B7 /* Frameworks */ = {
			isa = PBXFrameworksBuildPhase;
			buildActionMask = 2147483647;
			files = (
			);
			runOnlyForDeploymentPostprocessing = 0;
		};
/* End PBXFrameworksBuildPhase section */

/* Begin PBXGroup section */
		A222164A298A5D8C00C86F90 /* Screens */ = {
			isa = PBXGroup;
			children = (
				A24BF7412987EA13009569B7 /* SearchViewController.swift */,
				A24BF7432987EA3D009569B7 /* FavoritesListViewController.swift */,
				A2763EE92989520100F65EE4 /* FollowerListViewController.swift */,
				A2A9F698298FED9800D2033D /* UserInfoViewController.swift */,
			);
			path = Screens;
			sourceTree = "<group>";
		};
		A222164B298A5DC100C86F90 /* Custom Views */ = {
			isa = PBXGroup;
			children = (
				A2E4E16D298E9BC500291871 /* Views */,
				A24A501E298D313700DDB0B5 /* ImageViews */,
				A28E1144298D0A9500AD3098 /* Cells */,
				A2221651298A5EF400C86F90 /* ViewControllers */,
				A2221650298A5ED100C86F90 /* TextFields */,
				A222164F298A5EC000C86F90 /* Buttons */,
				A222164E298A5EA500C86F90 /* Labels */,
			);
			path = "Custom Views";
			sourceTree = "<group>";
		};
		A222164C298A5E4700C86F90 /* Support */ = {
			isa = PBXGroup;
			children = (
				A24BF72D2987E615009569B7 /* AppDelegate.swift */,
				A24BF72F2987E615009569B7 /* SceneDelegate.swift */,
				A24BF7362987E616009569B7 /* Assets.xcassets */,
				A24BF7382987E616009569B7 /* LaunchScreen.storyboard */,
			);
			path = Support;
			sourceTree = "<group>";
		};
		A222164D298A5E7300C86F90 /* Extensions */ = {
			isa = PBXGroup;
			children = (
				A27D5DED29990BD4008E0F70 /* Date+Extension.swift */,
				A27D5DEF29990C15008E0F70 /* String+Extension.swift */,
				A2221648298A597D00C86F90 /* UIViewController+Extension.swift */,
			);
			path = Extensions;
			sourceTree = "<group>";
		};
		A222164E298A5EA500C86F90 /* Labels */ = {
			isa = PBXGroup;
			children = (
				A2221644298A4CBA00C86F90 /* GFBodyLabel.swift */,
				A2221642298A4B5E00C86F90 /* GFTitleLabel.swift */,
				A2B40DCF29964D260075F4E0 /* GFSecondaryTitleLabel.swift */,
			);
			path = Labels;
			sourceTree = "<group>";
		};
		A222164F298A5EC000C86F90 /* Buttons */ = {
			isa = PBXGroup;
			children = (
				A241148429892ACC00313024 /* GFButton.swift */,
			);
			path = Buttons;
			sourceTree = "<group>";
		};
		A2221650298A5ED100C86F90 /* TextFields */ = {
			isa = PBXGroup;
			children = (
				A241148629893EB500313024 /* GFTextField.swift */,
			);
			path = TextFields;
			sourceTree = "<group>";
		};
		A2221651298A5EF400C86F90 /* ViewControllers */ = {
			isa = PBXGroup;
			children = (
				A2622F032999001800924104 /* ItemInfoViewControllers */,
				A2221646298A4D7700C86F90 /* GFAlertViewController.swift */,
				A2B40DCD29964CBD0075F4E0 /* GFUserInfoHeaderViewController.swift */,
			);
			path = ViewControllers;
			sourceTree = "<group>";
		};
		A2221652298A637C00C86F90 /* Models */ = {
			isa = PBXGroup;
			children = (
				A2221653298A638900C86F90 /* Follower.swift */,
				A2221655298A63D000C86F90 /* User.swift */,
			);
			path = Models;
			sourceTree = "<group>";
		};
		A24A501E298D313700DDB0B5 /* ImageViews */ = {
			isa = PBXGroup;
			children = (
				A28E1147298D0B5A00AD3098 /* GFAvatarImageView.swift */,
			);
			path = ImageViews;
			sourceTree = "<group>";
		};
		A24BF7212987E615009569B7 = {
			isa = PBXGroup;
			children = (
				A24BF72C2987E615009569B7 /* Github Followers */,
				A24BF72B2987E615009569B7 /* Products */,
			);
			sourceTree = "<group>";
		};
		A24BF72B2987E615009569B7 /* Products */ = {
			isa = PBXGroup;
			children = (
				A24BF72A2987E615009569B7 /* Github Followers.app */,
			);
			name = Products;
			sourceTree = "<group>";
		};
		A24BF72C2987E615009569B7 /* Github Followers */ = {
			isa = PBXGroup;
			children = (
				A28DA4F6298C37A20056EE93 /* Utilities */,
				A28DA4F3298BAD090056EE93 /* Managers */,
				A2221652298A637C00C86F90 /* Models */,
				A222164A298A5D8C00C86F90 /* Screens */,
				A222164B298A5DC100C86F90 /* Custom Views */,
				A222164C298A5E4700C86F90 /* Support */,
				A222164D298A5E7300C86F90 /* Extensions */,
				A24BF73B2987E616009569B7 /* Info.plist */,
			);
			path = "Github Followers";
			sourceTree = "<group>";
		};
		A2622F032999001800924104 /* ItemInfoViewControllers */ = {
			isa = PBXGroup;
			children = (
				A2622EFD2998F9E900924104 /* GFItemInfoViewController.swift */,
				A2622EFF2998FE2B00924104 /* GFRepoItemViewController.swift */,
				A267D2F229991166002DF615 /* GFFollowerItemViewController.swift */,
			);
			path = ItemInfoViewControllers;
			sourceTree = "<group>";
		};
		A28DA4F3298BAD090056EE93 /* Managers */ = {
			isa = PBXGroup;
			children = (
				A28DA4F4298BAD200056EE93 /* NetworkManager.swift */,
				A2F1DAA2299CDF6A00891B10 /* PersistanceManager.swift */,
			);
			path = Managers;
			sourceTree = "<group>";
		};
		A28DA4F6298C37A20056EE93 /* Utilities */ = {
			isa = PBXGroup;
			children = (
				A28DA4F7298C37BC0056EE93 /* ErrorMessage.swift */,
				A2577840298E780D003F1F04 /* UIHelper.swift */,
				A2B40DD129965CA00075F4E0 /* Constants.swift */,
			);
			path = Utilities;
			sourceTree = "<group>";
		};
		A28E1144298D0A9500AD3098 /* Cells */ = {
			isa = PBXGroup;
			children = (
				A28E1145298D0ABF00AD3098 /* FollowerCell.swift */,
			);
			path = Cells;
			sourceTree = "<group>";
		};
		A2E4E16D298E9BC500291871 /* Views */ = {
			isa = PBXGroup;
			children = (
				A2E4E16E298E9C1500291871 /* GFEmptyStateView.swift */,
				A2622EFB2998F3A600924104 /* GFItemInfoView.swift */,
			);
			path = Views;
			sourceTree = "<group>";
		};
/* End PBXGroup section */

/* Begin PBXNativeTarget section */
		A24BF7292987E615009569B7 /* Github Followers */ = {
			isa = PBXNativeTarget;
			buildConfigurationList = A24BF73E2987E616009569B7 /* Build configuration list for PBXNativeTarget "Github Followers" */;
			buildPhases = (
				A24BF7262987E615009569B7 /* Sources */,
				A24BF7272987E615009569B7 /* Frameworks */,
				A24BF7282987E615009569B7 /* Resources */,
			);
			buildRules = (
			);
			dependencies = (
			);
			name = "Github Followers";
			productName = "Github Followers";
			productReference = A24BF72A2987E615009569B7 /* Github Followers.app */;
			productType = "com.apple.product-type.application";
		};
/* End PBXNativeTarget section */

/* Begin PBXProject section */
		A24BF7222987E615009569B7 /* Project object */ = {
			isa = PBXProject;
			attributes = {
				BuildIndependentTargetsInParallel = 1;
				LastSwiftUpdateCheck = 1420;
				LastUpgradeCheck = 1420;
				TargetAttributes = {
					A24BF7292987E615009569B7 = {
						CreatedOnToolsVersion = 14.2;
					};
				};
			};
			buildConfigurationList = A24BF7252987E615009569B7 /* Build configuration list for PBXProject "Github Followers" */;
			compatibilityVersion = "Xcode 14.0";
			developmentRegion = en;
			hasScannedForEncodings = 0;
			knownRegions = (
				en,
				Base,
			);
			mainGroup = A24BF7212987E615009569B7;
			productRefGroup = A24BF72B2987E615009569B7 /* Products */;
			projectDirPath = "";
			projectRoot = "";
			targets = (
				A24BF7292987E615009569B7 /* Github Followers */,
			);
		};
/* End PBXProject section */

/* Begin PBXResourcesBuildPhase section */
		A24BF7282987E615009569B7 /* Resources */ = {
			isa = PBXResourcesBuildPhase;
			buildActionMask = 2147483647;
			files = (
				A24BF73A2987E616009569B7 /* LaunchScreen.storyboard in Resources */,
				A24BF7372987E616009569B7 /* Assets.xcassets in Resources */,
			);
			runOnlyForDeploymentPostprocessing = 0;
		};
/* End PBXResourcesBuildPhase section */

/* Begin PBXSourcesBuildPhase section */
		A24BF7262987E615009569B7 /* Sources */ = {
			isa = PBXSourcesBuildPhase;
			buildActionMask = 2147483647;
			files = (
				A2221656298A63D000C86F90 /* User.swift in Sources */,
				A2221647298A4D7700C86F90 /* GFAlertViewController.swift in Sources */,
				A2221649298A597D00C86F90 /* UIViewController+Extension.swift in Sources */,
				A241148729893EB500313024 /* GFTextField.swift in Sources */,
				A2221654298A638900C86F90 /* Follower.swift in Sources */,
				A2577841298E780D003F1F04 /* UIHelper.swift in Sources */,
				A2622F002998FE2B00924104 /* GFRepoItemViewController.swift in Sources */,
				A2B40DD229965CA00075F4E0 /* Constants.swift in Sources */,
				A28E1148298D0B5A00AD3098 /* GFAvatarImageView.swift in Sources */,
				A24BF7422987EA13009569B7 /* SearchViewController.swift in Sources */,
				A2B40DCE29964CBD0075F4E0 /* GFUserInfoHeaderViewController.swift in Sources */,
				A2622EFC2998F3A600924104 /* GFItemInfoView.swift in Sources */,
				A241148529892ACC00313024 /* GFButton.swift in Sources */,
				A267D2F329991166002DF615 /* GFFollowerItemViewController.swift in Sources */,
				A28E1146298D0ABF00AD3098 /* FollowerCell.swift in Sources */,
				A2F1DAA3299CDF6A00891B10 /* PersistanceManager.swift in Sources */,
				A28DA4F8298C37BC0056EE93 /* ErrorMessage.swift in Sources */,
				A2763EEA2989520100F65EE4 /* FollowerListViewController.swift in Sources */,
				A2221645298A4CBA00C86F90 /* GFBodyLabel.swift in Sources */,
				A2221643298A4B5E00C86F90 /* GFTitleLabel.swift in Sources */,
				A2B40DD029964D260075F4E0 /* GFSecondaryTitleLabel.swift in Sources */,
				A2E4E16F298E9C1500291871 /* GFEmptyStateView.swift in Sources */,
				A28DA4F5298BAD200056EE93 /* NetworkManager.swift in Sources */,
				A24BF72E2987E615009569B7 /* AppDelegate.swift in Sources */,
				A2622EFE2998F9E900924104 /* GFItemInfoViewController.swift in Sources */,
				A2A9F699298FED9800D2033D /* UserInfoViewController.swift in Sources */,
				A27D5DEE29990BD4008E0F70 /* Date+Extension.swift in Sources */,
				A24BF7442987EA3D009569B7 /* FavoritesListViewController.swift in Sources */,
				A27D5DF029990C15008E0F70 /* String+Extension.swift in Sources */,
				A24BF7302987E615009569B7 /* SceneDelegate.swift in Sources */,
			);
			runOnlyForDeploymentPostprocessing = 0;
		};
/* End PBXSourcesBuildPhase section */

/* Begin PBXVariantGroup section */
		A24BF7382987E616009569B7 /* LaunchScreen.storyboard */ = {
			isa = PBXVariantGroup;
			children = (
				A24BF7392987E616009569B7 /* Base */,
			);
			name = LaunchScreen.storyboard;
			sourceTree = "<group>";
		};
/* End PBXVariantGroup section */

/* Begin XCBuildConfiguration section */
		A24BF73C2987E616009569B7 /* Debug */ = {
			isa = XCBuildConfiguration;
			buildSettings = {
				ALWAYS_SEARCH_USER_PATHS = NO;
				CLANG_ANALYZER_NONNULL = YES;
				CLANG_ANALYZER_NUMBER_OBJECT_CONVERSION = YES_AGGRESSIVE;
				CLANG_CXX_LANGUAGE_STANDARD = "gnu++20";
				CLANG_ENABLE_MODULES = YES;
				CLANG_ENABLE_OBJC_ARC = YES;
				CLANG_ENABLE_OBJC_WEAK = YES;
				CLANG_WARN_BLOCK_CAPTURE_AUTORELEASING = YES;
				CLANG_WARN_BOOL_CONVERSION = YES;
				CLANG_WARN_COMMA = YES;
				CLANG_WARN_CONSTANT_CONVERSION = YES;
				CLANG_WARN_DEPRECATED_OBJC_IMPLEMENTATIONS = YES;
				CLANG_WARN_DIRECT_OBJC_ISA_USAGE = YES_ERROR;
				CLANG_WARN_DOCUMENTATION_COMMENTS = YES;
				CLANG_WARN_EMPTY_BODY = YES;
				CLANG_WARN_ENUM_CONVERSION = YES;
				CLANG_WARN_INFINITE_RECURSION = YES;
				CLANG_WARN_INT_CONVERSION = YES;
				CLANG_WARN_NON_LITERAL_NULL_CONVERSION = YES;
				CLANG_WARN_OBJC_IMPLICIT_RETAIN_SELF = YES;
				CLANG_WARN_OBJC_LITERAL_CONVERSION = YES;
				CLANG_WARN_OBJC_ROOT_CLASS = YES_ERROR;
				CLANG_WARN_QUOTED_INCLUDE_IN_FRAMEWORK_HEADER = YES;
				CLANG_WARN_RANGE_LOOP_ANALYSIS = YES;
				CLANG_WARN_STRICT_PROTOTYPES = YES;
				CLANG_WARN_SUSPICIOUS_MOVE = YES;
				CLANG_WARN_UNGUARDED_AVAILABILITY = YES_AGGRESSIVE;
				CLANG_WARN_UNREACHABLE_CODE = YES;
				CLANG_WARN__DUPLICATE_METHOD_MATCH = YES;
				COPY_PHASE_STRIP = NO;
				DEBUG_INFORMATION_FORMAT = dwarf;
				ENABLE_STRICT_OBJC_MSGSEND = YES;
				ENABLE_TESTABILITY = YES;
				GCC_C_LANGUAGE_STANDARD = gnu11;
				GCC_DYNAMIC_NO_PIC = NO;
				GCC_NO_COMMON_BLOCKS = YES;
				GCC_OPTIMIZATION_LEVEL = 0;
				GCC_PREPROCESSOR_DEFINITIONS = (
					"DEBUG=1",
					"$(inherited)",
				);
				GCC_WARN_64_TO_32_BIT_CONVERSION = YES;
				GCC_WARN_ABOUT_RETURN_TYPE = YES_ERROR;
				GCC_WARN_UNDECLARED_SELECTOR = YES;
				GCC_WARN_UNINITIALIZED_AUTOS = YES_AGGRESSIVE;
				GCC_WARN_UNUSED_FUNCTION = YES;
				GCC_WARN_UNUSED_VARIABLE = YES;
				IPHONEOS_DEPLOYMENT_TARGET = 16.2;
				MTL_ENABLE_DEBUG_INFO = INCLUDE_SOURCE;
				MTL_FAST_MATH = YES;
				ONLY_ACTIVE_ARCH = YES;
				SDKROOT = iphoneos;
				SWIFT_ACTIVE_COMPILATION_CONDITIONS = DEBUG;
				SWIFT_OPTIMIZATION_LEVEL = "-Onone";
			};
			name = Debug;
		};
		A24BF73D2987E616009569B7 /* Release */ = {
			isa = XCBuildConfiguration;
			buildSettings = {
				ALWAYS_SEARCH_USER_PATHS = NO;
				CLANG_ANALYZER_NONNULL = YES;
				CLANG_ANALYZER_NUMBER_OBJECT_CONVERSION = YES_AGGRESSIVE;
				CLANG_CXX_LANGUAGE_STANDARD = "gnu++20";
				CLANG_ENABLE_MODULES = YES;
				CLANG_ENABLE_OBJC_ARC = YES;
				CLANG_ENABLE_OBJC_WEAK = YES;
				CLANG_WARN_BLOCK_CAPTURE_AUTORELEASING = YES;
				CLANG_WARN_BOOL_CONVERSION = YES;
				CLANG_WARN_COMMA = YES;
				CLANG_WARN_CONSTANT_CONVERSION = YES;
				CLANG_WARN_DEPRECATED_OBJC_IMPLEMENTATIONS = YES;
				CLANG_WARN_DIRECT_OBJC_ISA_USAGE = YES_ERROR;
				CLANG_WARN_DOCUMENTATION_COMMENTS = YES;
				CLANG_WARN_EMPTY_BODY = YES;
				CLANG_WARN_ENUM_CONVERSION = YES;
				CLANG_WARN_INFINITE_RECURSION = YES;
				CLANG_WARN_INT_CONVERSION = YES;
				CLANG_WARN_NON_LITERAL_NULL_CONVERSION = YES;
				CLANG_WARN_OBJC_IMPLICIT_RETAIN_SELF = YES;
				CLANG_WARN_OBJC_LITERAL_CONVERSION = YES;
				CLANG_WARN_OBJC_ROOT_CLASS = YES_ERROR;
				CLANG_WARN_QUOTED_INCLUDE_IN_FRAMEWORK_HEADER = YES;
				CLANG_WARN_RANGE_LOOP_ANALYSIS = YES;
				CLANG_WARN_STRICT_PROTOTYPES = YES;
				CLANG_WARN_SUSPICIOUS_MOVE = YES;
				CLANG_WARN_UNGUARDED_AVAILABILITY = YES_AGGRESSIVE;
				CLANG_WARN_UNREACHABLE_CODE = YES;
				CLANG_WARN__DUPLICATE_METHOD_MATCH = YES;
				COPY_PHASE_STRIP = NO;
				DEBUG_INFORMATION_FORMAT = "dwarf-with-dsym";
				ENABLE_NS_ASSERTIONS = NO;
				ENABLE_STRICT_OBJC_MSGSEND = YES;
				GCC_C_LANGUAGE_STANDARD = gnu11;
				GCC_NO_COMMON_BLOCKS = YES;
				GCC_WARN_64_TO_32_BIT_CONVERSION = YES;
				GCC_WARN_ABOUT_RETURN_TYPE = YES_ERROR;
				GCC_WARN_UNDECLARED_SELECTOR = YES;
				GCC_WARN_UNINITIALIZED_AUTOS = YES_AGGRESSIVE;
				GCC_WARN_UNUSED_FUNCTION = YES;
				GCC_WARN_UNUSED_VARIABLE = YES;
				IPHONEOS_DEPLOYMENT_TARGET = 16.2;
				MTL_ENABLE_DEBUG_INFO = NO;
				MTL_FAST_MATH = YES;
				SDKROOT = iphoneos;
				SWIFT_COMPILATION_MODE = wholemodule;
				SWIFT_OPTIMIZATION_LEVEL = "-O";
				VALIDATE_PRODUCT = YES;
			};
			name = Release;
		};
		A24BF73F2987E616009569B7 /* Debug */ = {
			isa = XCBuildConfiguration;
			buildSettings = {
				ASSETCATALOG_COMPILER_APPICON_NAME = AppIcon;
				ASSETCATALOG_COMPILER_GLOBAL_ACCENT_COLOR_NAME = AccentColor;
				CODE_SIGN_STYLE = Automatic;
				CURRENT_PROJECT_VERSION = 1;
				DEVELOPMENT_TEAM = 79CS75S5DL;
				GENERATE_INFOPLIST_FILE = YES;
				INFOPLIST_FILE = "Github Followers/Info.plist";
				INFOPLIST_KEY_UIApplicationSupportsIndirectInputEvents = YES;
				INFOPLIST_KEY_UILaunchStoryboardName = LaunchScreen;
				INFOPLIST_KEY_UIMainStoryboardFile = "";
				INFOPLIST_KEY_UISupportedInterfaceOrientations = UIInterfaceOrientationPortrait;
				INFOPLIST_KEY_UISupportedInterfaceOrientations_iPad = "UIInterfaceOrientationLandscapeLeft UIInterfaceOrientationLandscapeRight UIInterfaceOrientationPortrait UIInterfaceOrientationPortraitUpsideDown";
				IPHONEOS_DEPLOYMENT_TARGET = 13.0;
				LD_RUNPATH_SEARCH_PATHS = (
					"$(inherited)",
					"@executable_path/Frameworks",
				);
				MARKETING_VERSION = 1.0;
				PRODUCT_BUNDLE_IDENTIFIER = "com.celilcagataygedik.Github-Followers";
				PRODUCT_NAME = "$(TARGET_NAME)";
				SUPPORTED_PLATFORMS = "iphoneos iphonesimulator";
				SUPPORTS_MACCATALYST = NO;
				SUPPORTS_MAC_DESIGNED_FOR_IPHONE_IPAD = YES;
				SWIFT_EMIT_LOC_STRINGS = YES;
				SWIFT_VERSION = 5.0;
				TARGETED_DEVICE_FAMILY = 1;
			};
			name = Debug;
		};
		A24BF7402987E616009569B7 /* Release */ = {
			isa = XCBuildConfiguration;
			buildSettings = {
				ASSETCATALOG_COMPILER_APPICON_NAME = AppIcon;
				ASSETCATALOG_COMPILER_GLOBAL_ACCENT_COLOR_NAME = AccentColor;
				CODE_SIGN_STYLE = Automatic;
				CURRENT_PROJECT_VERSION = 1;
				DEVELOPMENT_TEAM = 79CS75S5DL;
				GENERATE_INFOPLIST_FILE = YES;
				INFOPLIST_FILE = "Github Followers/Info.plist";
				INFOPLIST_KEY_UIApplicationSupportsIndirectInputEvents = YES;
				INFOPLIST_KEY_UILaunchStoryboardName = LaunchScreen;
				INFOPLIST_KEY_UIMainStoryboardFile = "";
				INFOPLIST_KEY_UISupportedInterfaceOrientations = UIInterfaceOrientationPortrait;
				INFOPLIST_KEY_UISupportedInterfaceOrientations_iPad = "UIInterfaceOrientationLandscapeLeft UIInterfaceOrientationLandscapeRight UIInterfaceOrientationPortrait UIInterfaceOrientationPortraitUpsideDown";
				IPHONEOS_DEPLOYMENT_TARGET = 13.0;
				LD_RUNPATH_SEARCH_PATHS = (
					"$(inherited)",
					"@executable_path/Frameworks",
				);
				MARKETING_VERSION = 1.0;
				PRODUCT_BUNDLE_IDENTIFIER = "com.celilcagataygedik.Github-Followers";
				PRODUCT_NAME = "$(TARGET_NAME)";
				SUPPORTED_PLATFORMS = "iphoneos iphonesimulator";
				SUPPORTS_MACCATALYST = NO;
				SUPPORTS_MAC_DESIGNED_FOR_IPHONE_IPAD = YES;
				SWIFT_EMIT_LOC_STRINGS = YES;
				SWIFT_VERSION = 5.0;
				TARGETED_DEVICE_FAMILY = 1;
			};
			name = Release;
		};
/* End XCBuildConfiguration section */

/* Begin XCConfigurationList section */
		A24BF7252987E615009569B7 /* Build configuration list for PBXProject "Github Followers" */ = {
			isa = XCConfigurationList;
			buildConfigurations = (
				A24BF73C2987E616009569B7 /* Debug */,
				A24BF73D2987E616009569B7 /* Release */,
			);
			defaultConfigurationIsVisible = 0;
			defaultConfigurationName = Release;
		};
		A24BF73E2987E616009569B7 /* Build configuration list for PBXNativeTarget "Github Followers" */ = {
			isa = XCConfigurationList;
			buildConfigurations = (
				A24BF73F2987E616009569B7 /* Debug */,
				A24BF7402987E616009569B7 /* Release */,
			);
			defaultConfigurationIsVisible = 0;
			defaultConfigurationName = Release;
		};
/* End XCConfigurationList section */
	};
	rootObject = A24BF7222987E615009569B7 /* Project object */;
}
